// !$*UTF8*$!
{
	archiveVersion = 1;
	classes = {
	};
	objectVersion = 56;
	objects = {

/* Begin PBXBuildFile section */
		FE949EB52A87D6C500ECFB5C /* HoneymoonApp.swift in Sources */ = {isa = PBXBuildFile; fileRef = FE949EB42A87D6C500ECFB5C /* HoneymoonApp.swift */; };
		FE949EB72A87D6C500ECFB5C /* ContentView.swift in Sources */ = {isa = PBXBuildFile; fileRef = FE949EB62A87D6C500ECFB5C /* ContentView.swift */; };
		FE949EB92A87D6C600ECFB5C /* Assets.xcassets in Resources */ = {isa = PBXBuildFile; fileRef = FE949EB82A87D6C600ECFB5C /* Assets.xcassets */; };
		FE949EBC2A87D6C600ECFB5C /* Preview Assets.xcassets in Resources */ = {isa = PBXBuildFile; fileRef = FE949EBB2A87D6C600ECFB5C /* Preview Assets.xcassets */; };
		FE949EC52A87D74600ECFB5C /* sound-rise.mp3 in Resources */ = {isa = PBXBuildFile; fileRef = FE949EC32A87D74600ECFB5C /* sound-rise.mp3 */; };
		FE949EC62A87D74600ECFB5C /* sound-click.mp3 in Resources */ = {isa = PBXBuildFile; fileRef = FE949EC42A87D74600ECFB5C /* sound-click.mp3 */; };
		FE949ECB2A87D92800ECFB5C /* SplashScreen.swift in Sources */ = {isa = PBXBuildFile; fileRef = FE949ECA2A87D92800ECFB5C /* SplashScreen.swift */; };
		FE949ECE2A87D96A00ECFB5C /* Constants.swift in Sources */ = {isa = PBXBuildFile; fileRef = FE949ECD2A87D96A00ECFB5C /* Constants.swift */; };
		FE949ED12A87DBD400ECFB5C /* HoneymoonModel.swift in Sources */ = {isa = PBXBuildFile; fileRef = FE949ED02A87DBD400ECFB5C /* HoneymoonModel.swift */; };
		FE949ED32A87DC1200ECFB5C /* HoneymoonData.swift in Sources */ = {isa = PBXBuildFile; fileRef = FE949ED22A87DC1200ECFB5C /* HoneymoonData.swift */; };
		FE949ED62A87DC7800ECFB5C /* CardComponent.swift in Sources */ = {isa = PBXBuildFile; fileRef = FE949ED52A87DC7800ECFB5C /* CardComponent.swift */; };
		FE949ED82A87DE2500ECFB5C /* CardsView.swift in Sources */ = {isa = PBXBuildFile; fileRef = FE949ED72A87DE2500ECFB5C /* CardsView.swift */; };
		FE949EDA2A87DEB700ECFB5C /* HeaderView.swift in Sources */ = {isa = PBXBuildFile; fileRef = FE949ED92A87DEB700ECFB5C /* HeaderView.swift */; };
		FE949EDC2A87DFE400ECFB5C /* FooterView.swift in Sources */ = {isa = PBXBuildFile; fileRef = FE949EDB2A87DFE400ECFB5C /* FooterView.swift */; };
/* End PBXBuildFile section */

/* Begin PBXFileReference section */
		FE949EB12A87D6C500ECFB5C /* Honeymoon.app */ = {isa = PBXFileReference; explicitFileType = wrapper.application; includeInIndex = 0; path = Honeymoon.app; sourceTree = BUILT_PRODUCTS_DIR; };
		FE949EB42A87D6C500ECFB5C /* HoneymoonApp.swift */ = {isa = PBXFileReference; lastKnownFileType = sourcecode.swift; path = HoneymoonApp.swift; sourceTree = "<group>"; };
		FE949EB62A87D6C500ECFB5C /* ContentView.swift */ = {isa = PBXFileReference; lastKnownFileType = sourcecode.swift; path = ContentView.swift; sourceTree = "<group>"; };
		FE949EB82A87D6C600ECFB5C /* Assets.xcassets */ = {isa = PBXFileReference; lastKnownFileType = folder.assetcatalog; path = Assets.xcassets; sourceTree = "<group>"; };
		FE949EBB2A87D6C600ECFB5C /* Preview Assets.xcassets */ = {isa = PBXFileReference; lastKnownFileType = folder.assetcatalog; path = "Preview Assets.xcassets"; sourceTree = "<group>"; };
		FE949EC32A87D74600ECFB5C /* sound-rise.mp3 */ = {isa = PBXFileReference; lastKnownFileType = audio.mp3; path = "sound-rise.mp3"; sourceTree = "<group>"; };
		FE949EC42A87D74600ECFB5C /* sound-click.mp3 */ = {isa = PBXFileReference; lastKnownFileType = audio.mp3; path = "sound-click.mp3"; sourceTree = "<group>"; };
		FE949EC92A87D83E00ECFB5C /* Info.plist */ = {isa = PBXFileReference; lastKnownFileType = text.plist; path = Info.plist; sourceTree = "<group>"; };
		FE949ECA2A87D92800ECFB5C /* SplashScreen.swift */ = {isa = PBXFileReference; lastKnownFileType = sourcecode.swift; path = SplashScreen.swift; sourceTree = "<group>"; };
		FE949ECD2A87D96A00ECFB5C /* Constants.swift */ = {isa = PBXFileReference; lastKnownFileType = sourcecode.swift; path = Constants.swift; sourceTree = "<group>"; };
		FE949ED02A87DBD400ECFB5C /* HoneymoonModel.swift */ = {isa = PBXFileReference; lastKnownFileType = sourcecode.swift; path = HoneymoonModel.swift; sourceTree = "<group>"; };
		FE949ED22A87DC1200ECFB5C /* HoneymoonData.swift */ = {isa = PBXFileReference; lastKnownFileType = sourcecode.swift; path = HoneymoonData.swift; sourceTree = "<group>"; };
		FE949ED52A87DC7800ECFB5C /* CardComponent.swift */ = {isa = PBXFileReference; lastKnownFileType = sourcecode.swift; path = CardComponent.swift; sourceTree = "<group>"; };
		FE949ED72A87DE2500ECFB5C /* CardsView.swift */ = {isa = PBXFileReference; lastKnownFileType = sourcecode.swift; path = CardsView.swift; sourceTree = "<group>"; };
		FE949ED92A87DEB700ECFB5C /* HeaderView.swift */ = {isa = PBXFileReference; lastKnownFileType = sourcecode.swift; path = HeaderView.swift; sourceTree = "<group>"; };
		FE949EDB2A87DFE400ECFB5C /* FooterView.swift */ = {isa = PBXFileReference; lastKnownFileType = sourcecode.swift; path = FooterView.swift; sourceTree = "<group>"; };
/* End PBXFileReference section */

/* Begin PBXFrameworksBuildPhase section */
		FE949EAE2A87D6C500ECFB5C /* Frameworks */ = {
			isa = PBXFrameworksBuildPhase;
			buildActionMask = 2147483647;
			files = (
			);
			runOnlyForDeploymentPostprocessing = 0;
		};
/* End PBXFrameworksBuildPhase section */

/* Begin PBXGroup section */
		FE949EA82A87D6C500ECFB5C = {
			isa = PBXGroup;
			children = (
				FE949EB32A87D6C500ECFB5C /* Honeymoon */,
				FE949EB22A87D6C500ECFB5C /* Products */,
			);
			sourceTree = "<group>";
		};
		FE949EB22A87D6C500ECFB5C /* Products */ = {
			isa = PBXGroup;
			children = (
				FE949EB12A87D6C500ECFB5C /* Honeymoon.app */,
			);
			name = Products;
			sourceTree = "<group>";
		};
		FE949EB32A87D6C500ECFB5C /* Honeymoon */ = {
			isa = PBXGroup;
			children = (
				FE949ED42A87DC2200ECFB5C /* Data */,
				FE949ECF2A87DBCA00ECFB5C /* Model */,
				FE949ECC2A87D95A00ECFB5C /* Utlity */,
				FE949EC92A87D83E00ECFB5C /* Info.plist */,
				FE949EC82A87D7E200ECFB5C /* Components */,
				FE949EC72A87D7DE00ECFB5C /* Views */,
				FE949EC22A87D74600ECFB5C /* Sounds */,
				FE949EB42A87D6C500ECFB5C /* HoneymoonApp.swift */,
				FE949EB82A87D6C600ECFB5C /* Assets.xcassets */,
				FE949EBA2A87D6C600ECFB5C /* Preview Content */,
			);
			path = Honeymoon;
			sourceTree = "<group>";
		};
		FE949EBA2A87D6C600ECFB5C /* Preview Content */ = {
			isa = PBXGroup;
			children = (
				FE949EBB2A87D6C600ECFB5C /* Preview Assets.xcassets */,
			);
			path = "Preview Content";
			sourceTree = "<group>";
		};
		FE949EC22A87D74600ECFB5C /* Sounds */ = {
			isa = PBXGroup;
			children = (
				FE949EC32A87D74600ECFB5C /* sound-rise.mp3 */,
				FE949EC42A87D74600ECFB5C /* sound-click.mp3 */,
			);
			path = Sounds;
			sourceTree = "<group>";
		};
		FE949EC72A87D7DE00ECFB5C /* Views */ = {
			isa = PBXGroup;
			children = (
				FE949EB62A87D6C500ECFB5C /* ContentView.swift */,
				FE949ECA2A87D92800ECFB5C /* SplashScreen.swift */,
				FE949ED72A87DE2500ECFB5C /* CardsView.swift */,
				FE949ED92A87DEB700ECFB5C /* HeaderView.swift */,
				FE949EDB2A87DFE400ECFB5C /* FooterView.swift */,
			);
			path = Views;
			sourceTree = "<group>";
		};
		FE949EC82A87D7E200ECFB5C /* Components */ = {
			isa = PBXGroup;
			children = (
				FE949ED52A87DC7800ECFB5C /* CardComponent.swift */,
			);
			path = Components;
			sourceTree = "<group>";
		};
		FE949ECC2A87D95A00ECFB5C /* Utlity */ = {
			isa = PBXGroup;
			children = (
				FE949ECD2A87D96A00ECFB5C /* Constants.swift */,
			);
			path = Utlity;
			sourceTree = "<group>";
		};
		FE949ECF2A87DBCA00ECFB5C /* Model */ = {
			isa = PBXGroup;
			children = (
				FE949ED02A87DBD400ECFB5C /* HoneymoonModel.swift */,
			);
			path = Model;
			sourceTree = "<group>";
		};
		FE949ED42A87DC2200ECFB5C /* Data */ = {
			isa = PBXGroup;
			children = (
				FE949ED22A87DC1200ECFB5C /* HoneymoonData.swift */,
			);
			path = Data;
			sourceTree = "<group>";
		};
/* End PBXGroup section */

/* Begin PBXNativeTarget section */
		FE949EB02A87D6C500ECFB5C /* Honeymoon */ = {
			isa = PBXNativeTarget;
			buildConfigurationList = FE949EBF2A87D6C600ECFB5C /* Build configuration list for PBXNativeTarget "Honeymoon" */;
			buildPhases = (
				FE949EAD2A87D6C500ECFB5C /* Sources */,
				FE949EAE2A87D6C500ECFB5C /* Frameworks */,
				FE949EAF2A87D6C500ECFB5C /* Resources */,
			);
			buildRules = (
			);
			dependencies = (
			);
			name = Honeymoon;
			productName = Honeymoon;
			productReference = FE949EB12A87D6C500ECFB5C /* Honeymoon.app */;
			productType = "com.apple.product-type.application";
		};
/* End PBXNativeTarget section */

/* Begin PBXProject section */
		FE949EA92A87D6C500ECFB5C /* Project object */ = {
			isa = PBXProject;
			attributes = {
				BuildIndependentTargetsInParallel = 1;
				LastSwiftUpdateCheck = 1430;
				LastUpgradeCheck = 1430;
				TargetAttributes = {
					FE949EB02A87D6C500ECFB5C = {
						CreatedOnToolsVersion = 14.3.1;
					};
				};
			};
			buildConfigurationList = FE949EAC2A87D6C500ECFB5C /* Build configuration list for PBXProject "Honeymoon" */;
			compatibilityVersion = "Xcode 14.0";
			developmentRegion = en;
			hasScannedForEncodings = 0;
			knownRegions = (
				en,
				Base,
			);
			mainGroup = FE949EA82A87D6C500ECFB5C;
			productRefGroup = FE949EB22A87D6C500ECFB5C /* Products */;
			projectDirPath = "";
			projectRoot = "";
			targets = (
				FE949EB02A87D6C500ECFB5C /* Honeymoon */,
			);
		};
/* End PBXProject section */

/* Begin PBXResourcesBuildPhase section */
		FE949EAF2A87D6C500ECFB5C /* Resources */ = {
			isa = PBXResourcesBuildPhase;
			buildActionMask = 2147483647;
			files = (
				FE949EC52A87D74600ECFB5C /* sound-rise.mp3 in Resources */,
				FE949EC62A87D74600ECFB5C /* sound-click.mp3 in Resources */,
				FE949EBC2A87D6C600ECFB5C /* Preview Assets.xcassets in Resources */,
				FE949EB92A87D6C600ECFB5C /* Assets.xcassets in Resources */,
			);
			runOnlyForDeploymentPostprocessing = 0;
		};
/* End PBXResourcesBuildPhase section */

/* Begin PBXSourcesBuildPhase section */
		FE949EAD2A87D6C500ECFB5C /* Sources */ = {
			isa = PBXSourcesBuildPhase;
			buildActionMask = 2147483647;
			files = (
				FE949ED62A87DC7800ECFB5C /* CardComponent.swift in Sources */,
				FE949EDA2A87DEB700ECFB5C /* HeaderView.swift in Sources */,
				FE949ECB2A87D92800ECFB5C /* SplashScreen.swift in Sources */,
				FE949EDC2A87DFE400ECFB5C /* FooterView.swift in Sources */,
				FE949ED82A87DE2500ECFB5C /* CardsView.swift in Sources */,
				FE949EB72A87D6C500ECFB5C /* ContentView.swift in Sources */,
				FE949ED32A87DC1200ECFB5C /* HoneymoonData.swift in Sources */,
				FE949EB52A87D6C500ECFB5C /* HoneymoonApp.swift in Sources */,
				FE949ECE2A87D96A00ECFB5C /* Constants.swift in Sources */,
				FE949ED12A87DBD400ECFB5C /* HoneymoonModel.swift in Sources */,
			);
			runOnlyForDeploymentPostprocessing = 0;
		};
/* End PBXSourcesBuildPhase section */

/* Begin XCBuildConfiguration section */
		FE949EBD2A87D6C600ECFB5C /* Debug */ = {
			isa = XCBuildConfiguration;
			buildSettings = {
				ALWAYS_SEARCH_USER_PATHS = NO;
				CLANG_ANALYZER_NONNULL = YES;
				CLANG_ANALYZER_NUMBER_OBJECT_CONVERSION = YES_AGGRESSIVE;
				CLANG_CXX_LANGUAGE_STANDARD = "gnu++20";
				CLANG_ENABLE_MODULES = YES;
				CLANG_ENABLE_OBJC_ARC = YES;
				CLANG_ENABLE_OBJC_WEAK = YES;
				CLANG_WARN_BLOCK_CAPTURE_AUTORELEASING = YES;
				CLANG_WARN_BOOL_CONVERSION = YES;
				CLANG_WARN_COMMA = YES;
				CLANG_WARN_CONSTANT_CONVERSION = YES;
				CLANG_WARN_DEPRECATED_OBJC_IMPLEMENTATIONS = YES;
				CLANG_WARN_DIRECT_OBJC_ISA_USAGE = YES_ERROR;
				CLANG_WARN_DOCUMENTATION_COMMENTS = YES;
				CLANG_WARN_EMPTY_BODY = YES;
				CLANG_WARN_ENUM_CONVERSION = YES;
				CLANG_WARN_INFINITE_RECURSION = YES;
				CLANG_WARN_INT_CONVERSION = YES;
				CLANG_WARN_NON_LITERAL_NULL_CONVERSION = YES;
				CLANG_WARN_OBJC_IMPLICIT_RETAIN_SELF = YES;
				CLANG_WARN_OBJC_LITERAL_CONVERSION = YES;
				CLANG_WARN_OBJC_ROOT_CLASS = YES_ERROR;
				CLANG_WARN_QUOTED_INCLUDE_IN_FRAMEWORK_HEADER = YES;
				CLANG_WARN_RANGE_LOOP_ANALYSIS = YES;
				CLANG_WARN_STRICT_PROTOTYPES = YES;
				CLANG_WARN_SUSPICIOUS_MOVE = YES;
				CLANG_WARN_UNGUARDED_AVAILABILITY = YES_AGGRESSIVE;
				CLANG_WARN_UNREACHABLE_CODE = YES;
				CLANG_WARN__DUPLICATE_METHOD_MATCH = YES;
				COPY_PHASE_STRIP = NO;
				DEBUG_INFORMATION_FORMAT = dwarf;
				ENABLE_STRICT_OBJC_MSGSEND = YES;
				ENABLE_TESTABILITY = YES;
				GCC_C_LANGUAGE_STANDARD = gnu11;
				GCC_DYNAMIC_NO_PIC = NO;
				GCC_NO_COMMON_BLOCKS = YES;
				GCC_OPTIMIZATION_LEVEL = 0;
				GCC_PREPROCESSOR_DEFINITIONS = (
					"DEBUG=1",
					"$(inherited)",
				);
				GCC_WARN_64_TO_32_BIT_CONVERSION = YES;
				GCC_WARN_ABOUT_RETURN_TYPE = YES_ERROR;
				GCC_WARN_UNDECLARED_SELECTOR = YES;
				GCC_WARN_UNINITIALIZED_AUTOS = YES_AGGRESSIVE;
				GCC_WARN_UNUSED_FUNCTION = YES;
				GCC_WARN_UNUSED_VARIABLE = YES;
				IPHONEOS_DEPLOYMENT_TARGET = 15.0;
				MTL_ENABLE_DEBUG_INFO = INCLUDE_SOURCE;
				MTL_FAST_MATH = YES;
				ONLY_ACTIVE_ARCH = YES;
				SDKROOT = iphoneos;
				SWIFT_ACTIVE_COMPILATION_CONDITIONS = DEBUG;
				SWIFT_OPTIMIZATION_LEVEL = "-Onone";
			};
			name = Debug;
		};
		FE949EBE2A87D6C600ECFB5C /* Release */ = {
			isa = XCBuildConfiguration;
			buildSettings = {
				ALWAYS_SEARCH_USER_PATHS = NO;
				CLANG_ANALYZER_NONNULL = YES;
				CLANG_ANALYZER_NUMBER_OBJECT_CONVERSION = YES_AGGRESSIVE;
				CLANG_CXX_LANGUAGE_STANDARD = "gnu++20";
				CLANG_ENABLE_MODULES = YES;
				CLANG_ENABLE_OBJC_ARC = YES;
				CLANG_ENABLE_OBJC_WEAK = YES;
				CLANG_WARN_BLOCK_CAPTURE_AUTORELEASING = YES;
				CLANG_WARN_BOOL_CONVERSION = YES;
				CLANG_WARN_COMMA = YES;
				CLANG_WARN_CONSTANT_CONVERSION = YES;
				CLANG_WARN_DEPRECATED_OBJC_IMPLEMENTATIONS = YES;
				CLANG_WARN_DIRECT_OBJC_ISA_USAGE = YES_ERROR;
				CLANG_WARN_DOCUMENTATION_COMMENTS = YES;
				CLANG_WARN_EMPTY_BODY = YES;
				CLANG_WARN_ENUM_CONVERSION = YES;
				CLANG_WARN_INFINITE_RECURSION = YES;
				CLANG_WARN_INT_CONVERSION = YES;
				CLANG_WARN_NON_LITERAL_NULL_CONVERSION = YES;
				CLANG_WARN_OBJC_IMPLICIT_RETAIN_SELF = YES;
				CLANG_WARN_OBJC_LITERAL_CONVERSION = YES;
				CLANG_WARN_OBJC_ROOT_CLASS = YES_ERROR;
				CLANG_WARN_QUOTED_INCLUDE_IN_FRAMEWORK_HEADER = YES;
				CLANG_WARN_RANGE_LOOP_ANALYSIS = YES;
				CLANG_WARN_STRICT_PROTOTYPES = YES;
				CLANG_WARN_SUSPICIOUS_MOVE = YES;
				CLANG_WARN_UNGUARDED_AVAILABILITY = YES_AGGRESSIVE;
				CLANG_WARN_UNREACHABLE_CODE = YES;
				CLANG_WARN__DUPLICATE_METHOD_MATCH = YES;
				COPY_PHASE_STRIP = NO;
				DEBUG_INFORMATION_FORMAT = "dwarf-with-dsym";
				ENABLE_NS_ASSERTIONS = NO;
				ENABLE_STRICT_OBJC_MSGSEND = YES;
				GCC_C_LANGUAGE_STANDARD = gnu11;
				GCC_NO_COMMON_BLOCKS = YES;
				GCC_WARN_64_TO_32_BIT_CONVERSION = YES;
				GCC_WARN_ABOUT_RETURN_TYPE = YES_ERROR;
				GCC_WARN_UNDECLARED_SELECTOR = YES;
				GCC_WARN_UNINITIALIZED_AUTOS = YES_AGGRESSIVE;
				GCC_WARN_UNUSED_FUNCTION = YES;
				GCC_WARN_UNUSED_VARIABLE = YES;
				IPHONEOS_DEPLOYMENT_TARGET = 15.0;
				MTL_ENABLE_DEBUG_INFO = NO;
				MTL_FAST_MATH = YES;
				SDKROOT = iphoneos;
				SWIFT_COMPILATION_MODE = wholemodule;
				SWIFT_OPTIMIZATION_LEVEL = "-O";
				VALIDATE_PRODUCT = YES;
			};
			name = Release;
		};
		FE949EC02A87D6C600ECFB5C /* Debug */ = {
			isa = XCBuildConfiguration;
			buildSettings = {
				ASSETCATALOG_COMPILER_APPICON_NAME = AppIcon;
				ASSETCATALOG_COMPILER_GLOBAL_ACCENT_COLOR_NAME = AccentColor;
				CODE_SIGN_STYLE = Automatic;
				CURRENT_PROJECT_VERSION = 1;
				DEVELOPMENT_ASSET_PATHS = "\"Honeymoon/Preview Content\"";
				DEVELOPMENT_TEAM = V5CW7SCCNU;
				ENABLE_PREVIEWS = YES;
				GENERATE_INFOPLIST_FILE = YES;
				INFOPLIST_FILE = Honeymoon/Info.plist;
				INFOPLIST_KEY_CFBundleDisplayName = Honeymoon;
				INFOPLIST_KEY_LSApplicationCategoryType = "public.app-category.travel";
				INFOPLIST_KEY_UIApplicationSceneManifest_Generation = YES;
				INFOPLIST_KEY_UIApplicationSupportsIndirectInputEvents = YES;
				INFOPLIST_KEY_UILaunchStoryboardName = "logo-honeymoon-dark";
				INFOPLIST_KEY_UISupportedInterfaceOrientations = UIInterfaceOrientationPortrait;
				INFOPLIST_KEY_UISupportedInterfaceOrientations_iPad = "UIInterfaceOrientationPortrait UIInterfaceOrientationPortraitUpsideDown";
				IPHONEOS_DEPLOYMENT_TARGET = 15.0;
				LD_RUNPATH_SEARCH_PATHS = (
					"$(inherited)",
					"@executable_path/Frameworks",
				);
				MARKETING_VERSION = 1.0;
				PRODUCT_BUNDLE_IDENTIFIER = it.matbuompy.Honeymoon;
				PRODUCT_NAME = "$(TARGET_NAME)";
				SWIFT_EMIT_LOC_STRINGS = YES;
				SWIFT_VERSION = 5.0;
				TARGETED_DEVICE_FAMILY = "1,2";
			};
			name = Debug;
		};
		FE949EC12A87D6C600ECFB5C /* Release */ = {
			isa = XCBuildConfiguration;
			buildSettings = {
				ASSETCATALOG_COMPILER_APPICON_NAME = AppIcon;
				ASSETCATALOG_COMPILER_GLOBAL_ACCENT_COLOR_NAME = AccentColor;
				CODE_SIGN_STYLE = Automatic;
				CURRENT_PROJECT_VERSION = 1;
				DEVELOPMENT_ASSET_PATHS = "\"Honeymoon/Preview Content\"";
				DEVELOPMENT_TEAM = V5CW7SCCNU;
				ENABLE_PREVIEWS = YES;
				GENERATE_INFOPLIST_FILE = YES;
				INFOPLIST_FILE = Honeymoon/Info.plist;
				INFOPLIST_KEY_CFBundleDisplayName = Honeymoon;
				INFOPLIST_KEY_LSApplicationCategoryType = "public.app-category.travel";
				INFOPLIST_KEY_UIApplicationSceneManifest_Generation = YES;
				INFOPLIST_KEY_UIApplicationSupportsIndirectInputEvents = YES;
				INFOPLIST_KEY_UILaunchStoryboardName = "logo-honeymoon-dark";
				INFOPLIST_KEY_UISupportedInterfaceOrientations = UIInterfaceOrientationPortrait;
				INFOPLIST_KEY_UISupportedInterfaceOrientations_iPad = "UIInterfaceOrientationPortrait UIInterfaceOrientationPortraitUpsideDown";
				IPHONEOS_DEPLOYMENT_TARGET = 15.0;
				LD_RUNPATH_SEARCH_PATHS = (
					"$(inherited)",
					"@executable_path/Frameworks",
				);
				MARKETING_VERSION = 1.0;
				PRODUCT_BUNDLE_IDENTIFIER = it.matbuompy.Honeymoon;
				PRODUCT_NAME = "$(TARGET_NAME)";
				SWIFT_EMIT_LOC_STRINGS = YES;
				SWIFT_VERSION = 5.0;
				TARGETED_DEVICE_FAMILY = "1,2";
			};
			name = Release;
		};
/* End XCBuildConfiguration section */

/* Begin XCConfigurationList section */
		FE949EAC2A87D6C500ECFB5C /* Build configuration list for PBXProject "Honeymoon" */ = {
			isa = XCConfigurationList;
			buildConfigurations = (
				FE949EBD2A87D6C600ECFB5C /* Debug */,
				FE949EBE2A87D6C600ECFB5C /* Release */,
			);
			defaultConfigurationIsVisible = 0;
			defaultConfigurationName = Release;
		};
		FE949EBF2A87D6C600ECFB5C /* Build configuration list for PBXNativeTarget "Honeymoon" */ = {
			isa = XCConfigurationList;
			buildConfigurations = (
				FE949EC02A87D6C600ECFB5C /* Debug */,
				FE949EC12A87D6C600ECFB5C /* Release */,
			);
			defaultConfigurationIsVisible = 0;
			defaultConfigurationName = Release;
		};
/* End XCConfigurationList section */
	};
	rootObject = FE949EA92A87D6C500ECFB5C /* Project object */;
}
